github.com/stanza-go/framework v0.1.11 h1:vGHzKqMzJwTEiJBR//UPYMfoXS7x9Mqs140CL10AliY=
github.com/stanza-go/framework v0.1.11/go.mod h1:O05RHRnUeNhpvlK7f99EiEySC29yfeCDnFuI6RlZw5A=
github.com/stanza-go/framework v0.1.12 h1:DkI5lZyKMttfyiYpYFjBdDHYKfYD8o7/Dl+Igh3aNRc=
github.com/stanza-go/framework v0.1.12/go.mod h1:O05RHRnUeNhpvlK7f99EiEySC29yfeCDnFuI6RlZw5A=
